{"filter":false,"title":"Gemfile.lock","tooltip":"/module_02/bundler/Gemfile.lock","undoManager":{"mark":-1,"position":-1,"stack":[]},"ace":{"folds":[],"scrolltop":0,"scrollleft":0,"selection":{"start":{"row":0,"column":0},"end":{"row":0,"column":0},"isBackwards":true},"options":{"guessTabSize":true,"useWrapMode":false,"wrapToView":true},"firstLineState":0},"timestamp":1625919434275,"hash":"0705fd4daf67cc10985862abd3aaa3498b91bcc0"}